
Microsoft Visual Studio Solution File, Format Version 12.00
# Visual Studio 15
VisualStudioVersion = 15.0.27703.2000
MinimumVisualStudioVersion = 10.0.40219.1
Project("{FAE04EC0-301F-11D3-BF4B-00C04F79EFBC}") = "1.AssociativeArrays", "1.AssociativeArrays\1.AssociativeArrays.csproj", "{3A02E950-0D4E-4AD8-914F-78CF28D9E691}"
EndProject
Project("{FAE04EC0-301F-11D3-BF4B-00C04F79EFBC}") = "2.OddOccurrences", "2.OddOccurrences\2.OddOccurrences.csproj", "{ADF6A427-938B-4814-BD4A-F914867CDD0F}"
EndProject
Project("{FAE04EC0-301F-11D3-BF4B-00C04F79EFBC}") = "3.SumMinMxAverage", "3.SumMinMxAverage\3.SumMinMxAverage.csproj", "{96AE161C-7948-4166-BAF8-E17ED0483FEC}"
EndProject
Project("{FAE04EC0-301F-11D3-BF4B-00C04F79EFBC}") = "4.Largest3Numbers", "4.Largest3Numbers\4.Largest3Numbers.csproj", "{DB385A42-8AA0-4023-A521-1929C5092F69}"
EndProject
Project("{FAE04EC0-301F-11D3-BF4B-00C04F79EFBC}") = "5.ShortWordsSorted", "5.ShortWordsSorted\5.ShortWordsSorted.csproj", "{54EF89FF-7394-44E3-97D3-63F055900EE8}"
EndProject
Project("{FAE04EC0-301F-11D3-BF4B-00C04F79EFBC}") = "6.FoldAndSum", "6.FoldAndSum\6.FoldAndSum.csproj", "{AF00C8D4-9E79-4171-A01D-52D75B96785D}"
EndProject
Global
	GlobalSection(SolutionConfigurationPlatforms) = preSolution
		Debug|Any CPU = Debug|Any CPU
		Release|Any CPU = Release|Any CPU
	EndGlobalSection
	GlobalSection(ProjectConfigurationPlatforms) = postSolution
		{3A02E950-0D4E-4AD8-914F-78CF28D9E691}.Debug|Any CPU.ActiveCfg = Debug|Any CPU
		{3A02E950-0D4E-4AD8-914F-78CF28D9E691}.Debug|Any CPU.Build.0 = Debug|Any CPU
		{3A02E950-0D4E-4AD8-914F-78CF28D9E691}.Release|Any CPU.ActiveCfg = Release|Any CPU
		{3A02E950-0D4E-4AD8-914F-78CF28D9E691}.Release|Any CPU.Build.0 = Release|Any CPU
		{ADF6A427-938B-4814-BD4A-F914867CDD0F}.Debug|Any CPU.ActiveCfg = Debug|Any CPU
		{ADF6A427-938B-4814-BD4A-F914867CDD0F}.Debug|Any CPU.Build.0 = Debug|Any CPU
		{ADF6A427-938B-4814-BD4A-F914867CDD0F}.Release|Any CPU.ActiveCfg = Release|Any CPU
		{ADF6A427-938B-4814-BD4A-F914867CDD0F}.Release|Any CPU.Build.0 = Release|Any CPU
		{96AE161C-7948-4166-BAF8-E17ED0483FEC}.Debug|Any CPU.ActiveCfg = Debug|Any CPU
		{96AE161C-7948-4166-BAF8-E17ED0483FEC}.Debug|Any CPU.Build.0 = Debug|Any CPU
		{96AE161C-7948-4166-BAF8-E17ED0483FEC}.Release|Any CPU.ActiveCfg = Release|Any CPU
		{96AE161C-7948-4166-BAF8-E17ED0483FEC}.Release|Any CPU.Build.0 = Release|Any CPU
		{DB385A42-8AA0-4023-A521-1929C5092F69}.Debug|Any CPU.ActiveCfg = Debug|Any CPU
		{DB385A42-8AA0-4023-A521-1929C5092F69}.Debug|Any CPU.Build.0 = Debug|Any CPU
		{DB385A42-8AA0-4023-A521-1929C5092F69}.Release|Any CPU.ActiveCfg = Release|Any CPU
		{DB385A42-8AA0-4023-A521-1929C5092F69}.Release|Any CPU.Build.0 = Release|Any CPU
		{54EF89FF-7394-44E3-97D3-63F055900EE8}.Debug|Any CPU.ActiveCfg = Debug|Any CPU
		{54EF89FF-7394-44E3-97D3-63F055900EE8}.Debug|Any CPU.Build.0 = Debug|Any CPU
		{54EF89FF-7394-44E3-97D3-63F055900EE8}.Release|Any CPU.ActiveCfg = Release|Any CPU
		{54EF89FF-7394-44E3-97D3-63F055900EE8}.Release|Any CPU.Build.0 = Release|Any CPU
		{AF00C8D4-9E79-4171-A01D-52D75B96785D}.Debug|Any CPU.ActiveCfg = Debug|Any CPU
		{AF00C8D4-9E79-4171-A01D-52D75B96785D}.Debug|Any CPU.Build.0 = Debug|Any CPU
		{AF00C8D4-9E79-4171-A01D-52D75B96785D}.Release|Any CPU.ActiveCfg = Release|Any CPU
		{AF00C8D4-9E79-4171-A01D-52D75B96785D}.Release|Any CPU.Build.0 = Release|Any CPU
	EndGlobalSection
	GlobalSection(SolutionProperties) = preSolution
		HideSolutionNode = FALSE
	EndGlobalSection
	GlobalSection(ExtensibilityGlobals) = postSolution
		SolutionGuid = {B14374DD-7792-4045-A2C5-F9D9B1C6B177}
	EndGlobalSection
EndGlobal
