
Microsoft Visual Studio Solution File, Format Version 12.00
# Visual Studio 15
VisualStudioVersion = 15.0.27703.2000
MinimumVisualStudioVersion = 10.0.40219.1
Project("{FAE04EC0-301F-11D3-BF4B-00C04F79EFBC}") = "ObjectsAndClasses", "ObjectsAndClasses\ObjectsAndClasses.csproj", "{71FB08AC-D7F7-4C70-B7C9-3B465F0AA69A}"
EndProject
Global
	GlobalSection(SolutionConfigurationPlatforms) = preSolution
		Debug|Any CPU = Debug|Any CPU
		Release|Any CPU = Release|Any CPU
	EndGlobalSection
	GlobalSection(ProjectConfigurationPlatforms) = postSolution
		{71FB08AC-D7F7-4C70-B7C9-3B465F0AA69A}.Debug|Any CPU.ActiveCfg = Debug|Any CPU
		{71FB08AC-D7F7-4C70-B7C9-3B465F0AA69A}.Debug|Any CPU.Build.0 = Debug|Any CPU
		{71FB08AC-D7F7-4C70-B7C9-3B465F0AA69A}.Release|Any CPU.ActiveCfg = Release|Any CPU
		{71FB08AC-D7F7-4C70-B7C9-3B465F0AA69A}.Release|Any CPU.Build.0 = Release|Any CPU
	EndGlobalSection
	GlobalSection(SolutionProperties) = preSolution
		HideSolutionNode = FALSE
	EndGlobalSection
	GlobalSection(ExtensibilityGlobals) = postSolution
		SolutionGuid = {441B9DD8-6679-4B1C-A81E-3B4DA67B6C82}
	EndGlobalSection
EndGlobal
