
Microsoft Visual Studio Solution File, Format Version 12.00
# Visual Studio 15
VisualStudioVersion = 15.0.27703.2000
MinimumVisualStudioVersion = 10.0.40219.1
Project("{FAE04EC0-301F-11D3-BF4B-00C04F79EFBC}") = "3.FoldAndSum", "3.FoldAndSum\3.FoldAndSum.csproj", "{37AF7F1F-E65C-46B0-AC5F-512744F654A3}"
EndProject
Project("{FAE04EC0-301F-11D3-BF4B-00C04F79EFBC}") = "1.LargestCommonEnd", "1.LargestCommonEnd\1.LargestCommonEnd.csproj", "{5F74D3E7-362C-4DCA-BDB6-43982D418ECB}"
EndProject
Global
	GlobalSection(SolutionConfigurationPlatforms) = preSolution
		Debug|Any CPU = Debug|Any CPU
		Release|Any CPU = Release|Any CPU
	EndGlobalSection
	GlobalSection(ProjectConfigurationPlatforms) = postSolution
		{37AF7F1F-E65C-46B0-AC5F-512744F654A3}.Debug|Any CPU.ActiveCfg = Debug|Any CPU
		{37AF7F1F-E65C-46B0-AC5F-512744F654A3}.Debug|Any CPU.Build.0 = Debug|Any CPU
		{37AF7F1F-E65C-46B0-AC5F-512744F654A3}.Release|Any CPU.ActiveCfg = Release|Any CPU
		{37AF7F1F-E65C-46B0-AC5F-512744F654A3}.Release|Any CPU.Build.0 = Release|Any CPU
		{5F74D3E7-362C-4DCA-BDB6-43982D418ECB}.Debug|Any CPU.ActiveCfg = Debug|Any CPU
		{5F74D3E7-362C-4DCA-BDB6-43982D418ECB}.Debug|Any CPU.Build.0 = Debug|Any CPU
		{5F74D3E7-362C-4DCA-BDB6-43982D418ECB}.Release|Any CPU.ActiveCfg = Release|Any CPU
		{5F74D3E7-362C-4DCA-BDB6-43982D418ECB}.Release|Any CPU.Build.0 = Release|Any CPU
	EndGlobalSection
	GlobalSection(SolutionProperties) = preSolution
		HideSolutionNode = FALSE
	EndGlobalSection
	GlobalSection(ExtensibilityGlobals) = postSolution
		SolutionGuid = {C47C2702-3053-4CE8-81A5-D4A81A24106A}
	EndGlobalSection
EndGlobal
