
Microsoft Visual Studio Solution File, Format Version 12.00
# Visual Studio 15
VisualStudioVersion = 15.0.27703.2000
MinimumVisualStudioVersion = 10.0.40219.1
Project("{9A19103F-16F7-4668-BE54-9A1E7A4F7556}") = "3.FoldAndSum", "3.FoldAndSum\3.FoldAndSum.csproj", "{37AF7F1F-E65C-46B0-AC5F-512744F654A3}"
EndProject
Project("{9A19103F-16F7-4668-BE54-9A1E7A4F7556}") = "1.LargestCommonEnd", "1.LargestCommonEnd\1.LargestCommonEnd.csproj", "{5F74D3E7-362C-4DCA-BDB6-43982D418ECB}"
EndProject
Project("{FAE04EC0-301F-11D3-BF4B-00C04F79EFBC}") = "2.RotateAndSum", "2.RotateAndSum\2.RotateAndSum.csproj", "{F2D9428E-74ED-4B63-AC0A-1B2FC0CD73E7}"
EndProject
Project("{FAE04EC0-301F-11D3-BF4B-00C04F79EFBC}") = "4.SieveOfEratoshtenes", "4.SieveOfEratoshtenes\4.SieveOfEratoshtenes.csproj", "{61AFE791-4246-4E71-A4B6-023074F5887F}"
EndProject
Project("{FAE04EC0-301F-11D3-BF4B-00C04F79EFBC}") = "5.CompareCharArrays", "5.CompareCharArrays\5.CompareCharArrays.csproj", "{89A11E7E-63DA-445D-BD6C-87234830CBA3}"
EndProject
Project("{FAE04EC0-301F-11D3-BF4B-00C04F79EFBC}") = "6.MaxSequenceOfEqualElements", "6.MaxSequenceOfEqualElements\6.MaxSequenceOfEqualElements.csproj", "{B2F90C67-EB5E-4D7D-85A3-5264C3E55756}"
EndProject
Project("{FAE04EC0-301F-11D3-BF4B-00C04F79EFBC}") = "7.MaxSequenceOfIncresingElements", "7.MaxSequenceOfIncresingElements\7.MaxSequenceOfIncresingElements.csproj", "{A7666426-5B53-46DC-B643-F4DD04CF64D8}"
EndProject
Project("{FAE04EC0-301F-11D3-BF4B-00C04F79EFBC}") = "8.MostFrequentNumber", "8.MostFrequentNumber\8.MostFrequentNumber.csproj", "{1281228D-6E29-434D-8E80-23BE9184BB9B}"
EndProject
Project("{FAE04EC0-301F-11D3-BF4B-00C04F79EFBC}") = "9.IndexOfLetters", "9.IndexOfLetters\9.IndexOfLetters.csproj", "{B60EA726-1AC3-43D7-9228-313BCA0F41F3}"
EndProject
Project("{FAE04EC0-301F-11D3-BF4B-00C04F79EFBC}") = "10.PairsOfDifference", "10.PairsOfDifference\10.PairsOfDifference.csproj", "{BD7C4B85-97B7-471D-A699-67D8B9A39774}"
EndProject
Project("{FAE04EC0-301F-11D3-BF4B-00C04F79EFBC}") = "11.EqualSums", "11.EqualSums\11.EqualSums.csproj", "{267B1D3B-FCF3-49C6-A8D6-A14FDD9D3192}"
EndProject
Global
	GlobalSection(SolutionConfigurationPlatforms) = preSolution
		Debug|Any CPU = Debug|Any CPU
		Release|Any CPU = Release|Any CPU
	EndGlobalSection
	GlobalSection(ProjectConfigurationPlatforms) = postSolution
		{37AF7F1F-E65C-46B0-AC5F-512744F654A3}.Debug|Any CPU.ActiveCfg = Debug|Any CPU
		{37AF7F1F-E65C-46B0-AC5F-512744F654A3}.Debug|Any CPU.Build.0 = Debug|Any CPU
		{37AF7F1F-E65C-46B0-AC5F-512744F654A3}.Release|Any CPU.ActiveCfg = Release|Any CPU
		{37AF7F1F-E65C-46B0-AC5F-512744F654A3}.Release|Any CPU.Build.0 = Release|Any CPU
		{5F74D3E7-362C-4DCA-BDB6-43982D418ECB}.Debug|Any CPU.ActiveCfg = Debug|Any CPU
		{5F74D3E7-362C-4DCA-BDB6-43982D418ECB}.Debug|Any CPU.Build.0 = Debug|Any CPU
		{5F74D3E7-362C-4DCA-BDB6-43982D418ECB}.Release|Any CPU.ActiveCfg = Release|Any CPU
		{5F74D3E7-362C-4DCA-BDB6-43982D418ECB}.Release|Any CPU.Build.0 = Release|Any CPU
		{F2D9428E-74ED-4B63-AC0A-1B2FC0CD73E7}.Debug|Any CPU.ActiveCfg = Debug|Any CPU
		{F2D9428E-74ED-4B63-AC0A-1B2FC0CD73E7}.Debug|Any CPU.Build.0 = Debug|Any CPU
		{F2D9428E-74ED-4B63-AC0A-1B2FC0CD73E7}.Release|Any CPU.ActiveCfg = Release|Any CPU
		{F2D9428E-74ED-4B63-AC0A-1B2FC0CD73E7}.Release|Any CPU.Build.0 = Release|Any CPU
		{61AFE791-4246-4E71-A4B6-023074F5887F}.Debug|Any CPU.ActiveCfg = Debug|Any CPU
		{61AFE791-4246-4E71-A4B6-023074F5887F}.Debug|Any CPU.Build.0 = Debug|Any CPU
		{61AFE791-4246-4E71-A4B6-023074F5887F}.Release|Any CPU.ActiveCfg = Release|Any CPU
		{61AFE791-4246-4E71-A4B6-023074F5887F}.Release|Any CPU.Build.0 = Release|Any CPU
		{89A11E7E-63DA-445D-BD6C-87234830CBA3}.Debug|Any CPU.ActiveCfg = Debug|Any CPU
		{89A11E7E-63DA-445D-BD6C-87234830CBA3}.Debug|Any CPU.Build.0 = Debug|Any CPU
		{89A11E7E-63DA-445D-BD6C-87234830CBA3}.Release|Any CPU.ActiveCfg = Release|Any CPU
		{89A11E7E-63DA-445D-BD6C-87234830CBA3}.Release|Any CPU.Build.0 = Release|Any CPU
		{B2F90C67-EB5E-4D7D-85A3-5264C3E55756}.Debug|Any CPU.ActiveCfg = Debug|Any CPU
		{B2F90C67-EB5E-4D7D-85A3-5264C3E55756}.Debug|Any CPU.Build.0 = Debug|Any CPU
		{B2F90C67-EB5E-4D7D-85A3-5264C3E55756}.Release|Any CPU.ActiveCfg = Release|Any CPU
		{B2F90C67-EB5E-4D7D-85A3-5264C3E55756}.Release|Any CPU.Build.0 = Release|Any CPU
		{A7666426-5B53-46DC-B643-F4DD04CF64D8}.Debug|Any CPU.ActiveCfg = Debug|Any CPU
		{A7666426-5B53-46DC-B643-F4DD04CF64D8}.Debug|Any CPU.Build.0 = Debug|Any CPU
		{A7666426-5B53-46DC-B643-F4DD04CF64D8}.Release|Any CPU.ActiveCfg = Release|Any CPU
		{A7666426-5B53-46DC-B643-F4DD04CF64D8}.Release|Any CPU.Build.0 = Release|Any CPU
		{1281228D-6E29-434D-8E80-23BE9184BB9B}.Debug|Any CPU.ActiveCfg = Debug|Any CPU
		{1281228D-6E29-434D-8E80-23BE9184BB9B}.Debug|Any CPU.Build.0 = Debug|Any CPU
		{1281228D-6E29-434D-8E80-23BE9184BB9B}.Release|Any CPU.ActiveCfg = Release|Any CPU
		{1281228D-6E29-434D-8E80-23BE9184BB9B}.Release|Any CPU.Build.0 = Release|Any CPU
		{B60EA726-1AC3-43D7-9228-313BCA0F41F3}.Debug|Any CPU.ActiveCfg = Debug|Any CPU
		{B60EA726-1AC3-43D7-9228-313BCA0F41F3}.Debug|Any CPU.Build.0 = Debug|Any CPU
		{B60EA726-1AC3-43D7-9228-313BCA0F41F3}.Release|Any CPU.ActiveCfg = Release|Any CPU
		{B60EA726-1AC3-43D7-9228-313BCA0F41F3}.Release|Any CPU.Build.0 = Release|Any CPU
		{BD7C4B85-97B7-471D-A699-67D8B9A39774}.Debug|Any CPU.ActiveCfg = Debug|Any CPU
		{BD7C4B85-97B7-471D-A699-67D8B9A39774}.Debug|Any CPU.Build.0 = Debug|Any CPU
		{BD7C4B85-97B7-471D-A699-67D8B9A39774}.Release|Any CPU.ActiveCfg = Release|Any CPU
		{BD7C4B85-97B7-471D-A699-67D8B9A39774}.Release|Any CPU.Build.0 = Release|Any CPU
		{267B1D3B-FCF3-49C6-A8D6-A14FDD9D3192}.Debug|Any CPU.ActiveCfg = Debug|Any CPU
		{267B1D3B-FCF3-49C6-A8D6-A14FDD9D3192}.Debug|Any CPU.Build.0 = Debug|Any CPU
		{267B1D3B-FCF3-49C6-A8D6-A14FDD9D3192}.Release|Any CPU.ActiveCfg = Release|Any CPU
		{267B1D3B-FCF3-49C6-A8D6-A14FDD9D3192}.Release|Any CPU.Build.0 = Release|Any CPU
	EndGlobalSection
	GlobalSection(SolutionProperties) = preSolution
		HideSolutionNode = FALSE
	EndGlobalSection
	GlobalSection(ExtensibilityGlobals) = postSolution
		SolutionGuid = {C47C2702-3053-4CE8-81A5-D4A81A24106A}
	EndGlobalSection
EndGlobal
