
Microsoft Visual Studio Solution File, Format Version 12.00
# Visual Studio 15
VisualStudioVersion = 15.0.27703.2000
MinimumVisualStudioVersion = 10.0.40219.1
Project("{FAE04EC0-301F-11D3-BF4B-00C04F79EFBC}") = "1.BlankReceipt", "1.BlankReceipt\1.BlankReceipt.csproj", "{771A13E8-710B-4110-8B2D-1E6993C39C75}"
EndProject
Project("{FAE04EC0-301F-11D3-BF4B-00C04F79EFBC}") = "2.SignOfIntegerNumber", "2.SignOfIntegerNumber\2.SignOfIntegerNumber.csproj", "{E6C9A9B5-C0A4-4E6F-90A4-526AE0F9091F}"
EndProject
Project("{FAE04EC0-301F-11D3-BF4B-00C04F79EFBC}") = "3.PrintingTriangle", "3.PrintingTriangle\3.PrintingTriangle.csproj", "{BDA9CAFD-3E3B-4E65-8D9B-BC24E3BFB6D6}"
EndProject
Project("{FAE04EC0-301F-11D3-BF4B-00C04F79EFBC}") = "4.DrawAFilledSquare", "4.DrawAFilledSquare\4.DrawAFilledSquare.csproj", "{D3582918-853D-4158-A68B-15B31EAE991B}"
EndProject
Project("{FAE04EC0-301F-11D3-BF4B-00C04F79EFBC}") = "5.TemperatureConversion", "5.TemperatureConversion\5.TemperatureConversion.csproj", "{F4EDEA40-8B77-49D8-9427-D7F2B39037A5}"
EndProject
Project("{FAE04EC0-301F-11D3-BF4B-00C04F79EFBC}") = "6.CalculateTriangleArea", "6.CalculateTriangleArea\6.CalculateTriangleArea.csproj", "{E5D6DF1D-6361-431A-B4A4-45A69BA3D711}"
EndProject
Project("{FAE04EC0-301F-11D3-BF4B-00C04F79EFBC}") = "7.MathPower", "7.MathPower\7.MathPower.csproj", "{C8086F2E-76A1-4F31-BD85-4D6484EF9CFB}"
EndProject
Global
	GlobalSection(SolutionConfigurationPlatforms) = preSolution
		Debug|Any CPU = Debug|Any CPU
		Release|Any CPU = Release|Any CPU
	EndGlobalSection
	GlobalSection(ProjectConfigurationPlatforms) = postSolution
		{771A13E8-710B-4110-8B2D-1E6993C39C75}.Debug|Any CPU.ActiveCfg = Debug|Any CPU
		{771A13E8-710B-4110-8B2D-1E6993C39C75}.Debug|Any CPU.Build.0 = Debug|Any CPU
		{771A13E8-710B-4110-8B2D-1E6993C39C75}.Release|Any CPU.ActiveCfg = Release|Any CPU
		{771A13E8-710B-4110-8B2D-1E6993C39C75}.Release|Any CPU.Build.0 = Release|Any CPU
		{E6C9A9B5-C0A4-4E6F-90A4-526AE0F9091F}.Debug|Any CPU.ActiveCfg = Debug|Any CPU
		{E6C9A9B5-C0A4-4E6F-90A4-526AE0F9091F}.Debug|Any CPU.Build.0 = Debug|Any CPU
		{E6C9A9B5-C0A4-4E6F-90A4-526AE0F9091F}.Release|Any CPU.ActiveCfg = Release|Any CPU
		{E6C9A9B5-C0A4-4E6F-90A4-526AE0F9091F}.Release|Any CPU.Build.0 = Release|Any CPU
		{BDA9CAFD-3E3B-4E65-8D9B-BC24E3BFB6D6}.Debug|Any CPU.ActiveCfg = Debug|Any CPU
		{BDA9CAFD-3E3B-4E65-8D9B-BC24E3BFB6D6}.Debug|Any CPU.Build.0 = Debug|Any CPU
		{BDA9CAFD-3E3B-4E65-8D9B-BC24E3BFB6D6}.Release|Any CPU.ActiveCfg = Release|Any CPU
		{BDA9CAFD-3E3B-4E65-8D9B-BC24E3BFB6D6}.Release|Any CPU.Build.0 = Release|Any CPU
		{D3582918-853D-4158-A68B-15B31EAE991B}.Debug|Any CPU.ActiveCfg = Debug|Any CPU
		{D3582918-853D-4158-A68B-15B31EAE991B}.Debug|Any CPU.Build.0 = Debug|Any CPU
		{D3582918-853D-4158-A68B-15B31EAE991B}.Release|Any CPU.ActiveCfg = Release|Any CPU
		{D3582918-853D-4158-A68B-15B31EAE991B}.Release|Any CPU.Build.0 = Release|Any CPU
		{F4EDEA40-8B77-49D8-9427-D7F2B39037A5}.Debug|Any CPU.ActiveCfg = Debug|Any CPU
		{F4EDEA40-8B77-49D8-9427-D7F2B39037A5}.Debug|Any CPU.Build.0 = Debug|Any CPU
		{F4EDEA40-8B77-49D8-9427-D7F2B39037A5}.Release|Any CPU.ActiveCfg = Release|Any CPU
		{F4EDEA40-8B77-49D8-9427-D7F2B39037A5}.Release|Any CPU.Build.0 = Release|Any CPU
		{E5D6DF1D-6361-431A-B4A4-45A69BA3D711}.Debug|Any CPU.ActiveCfg = Debug|Any CPU
		{E5D6DF1D-6361-431A-B4A4-45A69BA3D711}.Debug|Any CPU.Build.0 = Debug|Any CPU
		{E5D6DF1D-6361-431A-B4A4-45A69BA3D711}.Release|Any CPU.ActiveCfg = Release|Any CPU
		{E5D6DF1D-6361-431A-B4A4-45A69BA3D711}.Release|Any CPU.Build.0 = Release|Any CPU
		{C8086F2E-76A1-4F31-BD85-4D6484EF9CFB}.Debug|Any CPU.ActiveCfg = Debug|Any CPU
		{C8086F2E-76A1-4F31-BD85-4D6484EF9CFB}.Debug|Any CPU.Build.0 = Debug|Any CPU
		{C8086F2E-76A1-4F31-BD85-4D6484EF9CFB}.Release|Any CPU.ActiveCfg = Release|Any CPU
		{C8086F2E-76A1-4F31-BD85-4D6484EF9CFB}.Release|Any CPU.Build.0 = Release|Any CPU
	EndGlobalSection
	GlobalSection(SolutionProperties) = preSolution
		HideSolutionNode = FALSE
	EndGlobalSection
	GlobalSection(ExtensibilityGlobals) = postSolution
		SolutionGuid = {320FE703-E0B9-4ED5-9643-1F98A5CDAEDE}
	EndGlobalSection
EndGlobal
