
Microsoft Visual Studio Solution File, Format Version 12.00
# Visual Studio 15
VisualStudioVersion = 15.0.27703.2000
MinimumVisualStudioVersion = 10.0.40219.1
Project("{9A19103F-16F7-4668-BE54-9A1E7A4F7556}") = "3.UnicodeCharacters", "3.UnicodeCharacters\3.UnicodeCharacters.csproj", "{6EE374C9-326F-48E9-9F11-9CC12D05501F}"
EndProject
Project("{9A19103F-16F7-4668-BE54-9A1E7A4F7556}") = "4.CharacterMultiplier", "4.CharacterMultiplier\4.CharacterMultiplier.csproj", "{DF67022D-F637-43A1-8A36-1F365B0BFCE5}"
EndProject
Project("{9A19103F-16F7-4668-BE54-9A1E7A4F7556}") = "5.MagicExchangeableWords", "5.MagicExchangeableWords\5.MagicExchangeableWords.csproj", "{B07CD74A-F2EC-4A4B-BF15-773BC56F456A}"
EndProject
Project("{FAE04EC0-301F-11D3-BF4B-00C04F79EFBC}") = "1.ConvertFromBase10ToBaseN.cs", "1.ConvertFromBase10ToBaseN.cs\1.ConvertFromBase10ToBaseN.cs.csproj", "{301963EF-8D65-430A-94F7-4C30F1ABC49A}"
EndProject
Project("{FAE04EC0-301F-11D3-BF4B-00C04F79EFBC}") = "2.ConsoleApp1ConvertFromBase10ToBaseN", "2.ConsoleApp1ConvertFromBase10ToBaseN\2.ConsoleApp1ConvertFromBase10ToBaseN.csproj", "{9C6B8556-2414-4ABC-A4BB-2A443CB0DA55}"
EndProject
Global
	GlobalSection(SolutionConfigurationPlatforms) = preSolution
		Debug|Any CPU = Debug|Any CPU
		Release|Any CPU = Release|Any CPU
	EndGlobalSection
	GlobalSection(ProjectConfigurationPlatforms) = postSolution
		{6EE374C9-326F-48E9-9F11-9CC12D05501F}.Debug|Any CPU.ActiveCfg = Debug|Any CPU
		{6EE374C9-326F-48E9-9F11-9CC12D05501F}.Debug|Any CPU.Build.0 = Debug|Any CPU
		{6EE374C9-326F-48E9-9F11-9CC12D05501F}.Release|Any CPU.ActiveCfg = Release|Any CPU
		{6EE374C9-326F-48E9-9F11-9CC12D05501F}.Release|Any CPU.Build.0 = Release|Any CPU
		{DF67022D-F637-43A1-8A36-1F365B0BFCE5}.Debug|Any CPU.ActiveCfg = Debug|Any CPU
		{DF67022D-F637-43A1-8A36-1F365B0BFCE5}.Debug|Any CPU.Build.0 = Debug|Any CPU
		{DF67022D-F637-43A1-8A36-1F365B0BFCE5}.Release|Any CPU.ActiveCfg = Release|Any CPU
		{DF67022D-F637-43A1-8A36-1F365B0BFCE5}.Release|Any CPU.Build.0 = Release|Any CPU
		{B07CD74A-F2EC-4A4B-BF15-773BC56F456A}.Debug|Any CPU.ActiveCfg = Debug|Any CPU
		{B07CD74A-F2EC-4A4B-BF15-773BC56F456A}.Debug|Any CPU.Build.0 = Debug|Any CPU
		{B07CD74A-F2EC-4A4B-BF15-773BC56F456A}.Release|Any CPU.ActiveCfg = Release|Any CPU
		{B07CD74A-F2EC-4A4B-BF15-773BC56F456A}.Release|Any CPU.Build.0 = Release|Any CPU
		{301963EF-8D65-430A-94F7-4C30F1ABC49A}.Debug|Any CPU.ActiveCfg = Debug|Any CPU
		{301963EF-8D65-430A-94F7-4C30F1ABC49A}.Debug|Any CPU.Build.0 = Debug|Any CPU
		{301963EF-8D65-430A-94F7-4C30F1ABC49A}.Release|Any CPU.ActiveCfg = Release|Any CPU
		{301963EF-8D65-430A-94F7-4C30F1ABC49A}.Release|Any CPU.Build.0 = Release|Any CPU
		{9C6B8556-2414-4ABC-A4BB-2A443CB0DA55}.Debug|Any CPU.ActiveCfg = Debug|Any CPU
		{9C6B8556-2414-4ABC-A4BB-2A443CB0DA55}.Debug|Any CPU.Build.0 = Debug|Any CPU
		{9C6B8556-2414-4ABC-A4BB-2A443CB0DA55}.Release|Any CPU.ActiveCfg = Release|Any CPU
		{9C6B8556-2414-4ABC-A4BB-2A443CB0DA55}.Release|Any CPU.Build.0 = Release|Any CPU
	EndGlobalSection
	GlobalSection(SolutionProperties) = preSolution
		HideSolutionNode = FALSE
	EndGlobalSection
	GlobalSection(ExtensibilityGlobals) = postSolution
		SolutionGuid = {3A4C1D51-C1C3-4B2D-86B1-E99622204A73}
	EndGlobalSection
EndGlobal
