
Microsoft Visual Studio Solution File, Format Version 12.00
# Visual Studio 15
VisualStudioVersion = 15.0.27703.2000
MinimumVisualStudioVersion = 10.0.40219.1
Project("{9A19103F-16F7-4668-BE54-9A1E7A4F7556}") = "1.AnonymousDownsite", "1.AnonymousDownsite\1.AnonymousDownsite.csproj", "{ACBFCAFD-3335-4B20-B671-CB4E1ADED898}"
EndProject
Project("{9A19103F-16F7-4668-BE54-9A1E7A4F7556}") = "2.AnonymousThreat", "2.AnonymousThreat\2.AnonymousThreat.csproj", "{B3CC1CB0-90BC-402F-AE53-4258730CCF54}"
EndProject
Project("{9A19103F-16F7-4668-BE54-9A1E7A4F7556}") = "Test", "Test\Test.csproj", "{DB23C93B-33C8-4AF8-A36B-AF39DD88B312}"
EndProject
Project("{9A19103F-16F7-4668-BE54-9A1E7A4F7556}") = "1.Snowballs-5Jan218Part1", "1.Snowballs-5Jan218Part1\1.Snowballs-5Jan218Part1.csproj", "{2FAAFC47-DCA1-4124-86B1-2C3C1D36253C}"
EndProject
Project("{9A19103F-16F7-4668-BE54-9A1E7A4F7556}") = "2.Snowmen", "2.Snowmen\2.Snowmen.csproj", "{AA78E764-FC9D-4174-AF69-E3E3FBA67B3D}"
EndProject
Project("{9A19103F-16F7-4668-BE54-9A1E7A4F7556}") = "2.CommandInterpreter", "2.CommandInterpreter\2.CommandInterpreter.csproj", "{8D95B5CD-DCDE-46E6-BF9C-10C76F9E4BD3}"
EndProject
Project("{9A19103F-16F7-4668-BE54-9A1E7A4F7556}") = "3.RageQuit", "3.RageQuit\3.RageQuit.csproj", "{143BC24B-E2F3-4AAF-A914-9DAEA4A5AAC9}"
EndProject
Project("{9A19103F-16F7-4668-BE54-9A1E7A4F7556}") = "3.Files", "Files\3.Files.csproj", "{65539B55-9AC7-4308-AAA9-111145B29DB4}"
EndProject
Project("{FAE04EC0-301F-11D3-BF4B-00C04F79EFBC}") = "03.Snowflake", "03.Snowflake\03.Snowflake.csproj", "{CAB13CF3-AD6E-4E28-85D6-CCF5775D0AE7}"
EndProject
Project("{FAE04EC0-301F-11D3-BF4B-00C04F79EFBC}") = "4.Snowwhite", "4.Snowwhite\4.Snowwhite.csproj", "{4D1EA46D-24A9-45CE-A83F-A73D6A3497D7}"
EndProject
Project("{FAE04EC0-301F-11D3-BF4B-00C04F79EFBC}") = "4.MOBAChallenger", "4.MOBAChallenger\4.MOBAChallenger.csproj", "{87EE7D3B-E44B-4FC3-A6A8-761C9901C32B}"
EndProject
Project("{FAE04EC0-301F-11D3-BF4B-00C04F79EFBC}") = "3.TseamAccount", "TseamAccount\3.TseamAccount.csproj", "{D1284F18-1896-414B-A2EE-370349C20E14}"
EndProject
Project("{FAE04EC0-301F-11D3-BF4B-00C04F79EFBC}") = "01.RageExpenses", "01.RageExpenses\01.RageExpenses.csproj", "{9B961CDD-8941-4CD4-B2D8-5C1AFC4D556B}"
EndProject
Project("{FAE04EC0-301F-11D3-BF4B-00C04F79EFBC}") = "2.MemoryView", "2.MemoryView\2.MemoryView.csproj", "{91F3A3EF-C972-4B67-B1EC-500761747B41}"
EndProject
Global
	GlobalSection(SolutionConfigurationPlatforms) = preSolution
		Debug|Any CPU = Debug|Any CPU
		Release|Any CPU = Release|Any CPU
	EndGlobalSection
	GlobalSection(ProjectConfigurationPlatforms) = postSolution
		{ACBFCAFD-3335-4B20-B671-CB4E1ADED898}.Debug|Any CPU.ActiveCfg = Debug|Any CPU
		{ACBFCAFD-3335-4B20-B671-CB4E1ADED898}.Debug|Any CPU.Build.0 = Debug|Any CPU
		{ACBFCAFD-3335-4B20-B671-CB4E1ADED898}.Release|Any CPU.ActiveCfg = Release|Any CPU
		{ACBFCAFD-3335-4B20-B671-CB4E1ADED898}.Release|Any CPU.Build.0 = Release|Any CPU
		{B3CC1CB0-90BC-402F-AE53-4258730CCF54}.Debug|Any CPU.ActiveCfg = Debug|Any CPU
		{B3CC1CB0-90BC-402F-AE53-4258730CCF54}.Debug|Any CPU.Build.0 = Debug|Any CPU
		{B3CC1CB0-90BC-402F-AE53-4258730CCF54}.Release|Any CPU.ActiveCfg = Release|Any CPU
		{B3CC1CB0-90BC-402F-AE53-4258730CCF54}.Release|Any CPU.Build.0 = Release|Any CPU
		{DB23C93B-33C8-4AF8-A36B-AF39DD88B312}.Debug|Any CPU.ActiveCfg = Debug|Any CPU
		{DB23C93B-33C8-4AF8-A36B-AF39DD88B312}.Debug|Any CPU.Build.0 = Debug|Any CPU
		{DB23C93B-33C8-4AF8-A36B-AF39DD88B312}.Release|Any CPU.ActiveCfg = Release|Any CPU
		{DB23C93B-33C8-4AF8-A36B-AF39DD88B312}.Release|Any CPU.Build.0 = Release|Any CPU
		{2FAAFC47-DCA1-4124-86B1-2C3C1D36253C}.Debug|Any CPU.ActiveCfg = Debug|Any CPU
		{2FAAFC47-DCA1-4124-86B1-2C3C1D36253C}.Debug|Any CPU.Build.0 = Debug|Any CPU
		{2FAAFC47-DCA1-4124-86B1-2C3C1D36253C}.Release|Any CPU.ActiveCfg = Release|Any CPU
		{2FAAFC47-DCA1-4124-86B1-2C3C1D36253C}.Release|Any CPU.Build.0 = Release|Any CPU
		{AA78E764-FC9D-4174-AF69-E3E3FBA67B3D}.Debug|Any CPU.ActiveCfg = Debug|Any CPU
		{AA78E764-FC9D-4174-AF69-E3E3FBA67B3D}.Debug|Any CPU.Build.0 = Debug|Any CPU
		{AA78E764-FC9D-4174-AF69-E3E3FBA67B3D}.Release|Any CPU.ActiveCfg = Release|Any CPU
		{AA78E764-FC9D-4174-AF69-E3E3FBA67B3D}.Release|Any CPU.Build.0 = Release|Any CPU
		{8D95B5CD-DCDE-46E6-BF9C-10C76F9E4BD3}.Debug|Any CPU.ActiveCfg = Debug|Any CPU
		{8D95B5CD-DCDE-46E6-BF9C-10C76F9E4BD3}.Debug|Any CPU.Build.0 = Debug|Any CPU
		{8D95B5CD-DCDE-46E6-BF9C-10C76F9E4BD3}.Release|Any CPU.ActiveCfg = Release|Any CPU
		{8D95B5CD-DCDE-46E6-BF9C-10C76F9E4BD3}.Release|Any CPU.Build.0 = Release|Any CPU
		{143BC24B-E2F3-4AAF-A914-9DAEA4A5AAC9}.Debug|Any CPU.ActiveCfg = Debug|Any CPU
		{143BC24B-E2F3-4AAF-A914-9DAEA4A5AAC9}.Debug|Any CPU.Build.0 = Debug|Any CPU
		{143BC24B-E2F3-4AAF-A914-9DAEA4A5AAC9}.Release|Any CPU.ActiveCfg = Release|Any CPU
		{143BC24B-E2F3-4AAF-A914-9DAEA4A5AAC9}.Release|Any CPU.Build.0 = Release|Any CPU
		{65539B55-9AC7-4308-AAA9-111145B29DB4}.Debug|Any CPU.ActiveCfg = Debug|Any CPU
		{65539B55-9AC7-4308-AAA9-111145B29DB4}.Debug|Any CPU.Build.0 = Debug|Any CPU
		{65539B55-9AC7-4308-AAA9-111145B29DB4}.Release|Any CPU.ActiveCfg = Release|Any CPU
		{65539B55-9AC7-4308-AAA9-111145B29DB4}.Release|Any CPU.Build.0 = Release|Any CPU
		{CAB13CF3-AD6E-4E28-85D6-CCF5775D0AE7}.Debug|Any CPU.ActiveCfg = Debug|Any CPU
		{CAB13CF3-AD6E-4E28-85D6-CCF5775D0AE7}.Debug|Any CPU.Build.0 = Debug|Any CPU
		{CAB13CF3-AD6E-4E28-85D6-CCF5775D0AE7}.Release|Any CPU.ActiveCfg = Release|Any CPU
		{CAB13CF3-AD6E-4E28-85D6-CCF5775D0AE7}.Release|Any CPU.Build.0 = Release|Any CPU
		{4D1EA46D-24A9-45CE-A83F-A73D6A3497D7}.Debug|Any CPU.ActiveCfg = Debug|Any CPU
		{4D1EA46D-24A9-45CE-A83F-A73D6A3497D7}.Debug|Any CPU.Build.0 = Debug|Any CPU
		{4D1EA46D-24A9-45CE-A83F-A73D6A3497D7}.Release|Any CPU.ActiveCfg = Release|Any CPU
		{4D1EA46D-24A9-45CE-A83F-A73D6A3497D7}.Release|Any CPU.Build.0 = Release|Any CPU
		{87EE7D3B-E44B-4FC3-A6A8-761C9901C32B}.Debug|Any CPU.ActiveCfg = Debug|Any CPU
		{87EE7D3B-E44B-4FC3-A6A8-761C9901C32B}.Debug|Any CPU.Build.0 = Debug|Any CPU
		{87EE7D3B-E44B-4FC3-A6A8-761C9901C32B}.Release|Any CPU.ActiveCfg = Release|Any CPU
		{87EE7D3B-E44B-4FC3-A6A8-761C9901C32B}.Release|Any CPU.Build.0 = Release|Any CPU
		{D1284F18-1896-414B-A2EE-370349C20E14}.Debug|Any CPU.ActiveCfg = Debug|Any CPU
		{D1284F18-1896-414B-A2EE-370349C20E14}.Debug|Any CPU.Build.0 = Debug|Any CPU
		{D1284F18-1896-414B-A2EE-370349C20E14}.Release|Any CPU.ActiveCfg = Release|Any CPU
		{D1284F18-1896-414B-A2EE-370349C20E14}.Release|Any CPU.Build.0 = Release|Any CPU
		{9B961CDD-8941-4CD4-B2D8-5C1AFC4D556B}.Debug|Any CPU.ActiveCfg = Debug|Any CPU
		{9B961CDD-8941-4CD4-B2D8-5C1AFC4D556B}.Debug|Any CPU.Build.0 = Debug|Any CPU
		{9B961CDD-8941-4CD4-B2D8-5C1AFC4D556B}.Release|Any CPU.ActiveCfg = Release|Any CPU
		{9B961CDD-8941-4CD4-B2D8-5C1AFC4D556B}.Release|Any CPU.Build.0 = Release|Any CPU
		{91F3A3EF-C972-4B67-B1EC-500761747B41}.Debug|Any CPU.ActiveCfg = Debug|Any CPU
		{91F3A3EF-C972-4B67-B1EC-500761747B41}.Debug|Any CPU.Build.0 = Debug|Any CPU
		{91F3A3EF-C972-4B67-B1EC-500761747B41}.Release|Any CPU.ActiveCfg = Release|Any CPU
		{91F3A3EF-C972-4B67-B1EC-500761747B41}.Release|Any CPU.Build.0 = Release|Any CPU
	EndGlobalSection
	GlobalSection(SolutionProperties) = preSolution
		HideSolutionNode = FALSE
	EndGlobalSection
	GlobalSection(ExtensibilityGlobals) = postSolution
		SolutionGuid = {428B27A0-3BF7-4340-92BC-5E0AE3CC67B7}
	EndGlobalSection
EndGlobal
