
Microsoft Visual Studio Solution File, Format Version 12.00
# Visual Studio 15
VisualStudioVersion = 15.0.27703.2000
MinimumVisualStudioVersion = 10.0.40219.1
Project("{9A19103F-16F7-4668-BE54-9A1E7A4F7556}") = "1.Phonebook", "1.Phonebook\1.Phonebook.csproj", "{59B482CE-40B4-43D7-8DDE-75FDFC1EEB85}"
EndProject
Project("{9A19103F-16F7-4668-BE54-9A1E7A4F7556}") = "2.PhonebookUpgrade", "2.PhonebookUpgrade\2.PhonebookUpgrade.csproj", "{F3A3EAA4-7883-4B99-9E9A-EA923A64E7D3}"
EndProject
Project("{9A19103F-16F7-4668-BE54-9A1E7A4F7556}") = "5.HandsOfCards", "5.HandsOfCards\5.HandsOfCards.csproj", "{6E742B37-41F0-41E0-B168-367145944887}"
EndProject
Project("{9A19103F-16F7-4668-BE54-9A1E7A4F7556}") = "7.PopulationCounter", "7.PopulationCounter\7.PopulationCounter.csproj", "{C7EB6E3A-EFBB-4FA0-87F5-BD621EB433A4}"
EndProject
Project("{9A19103F-16F7-4668-BE54-9A1E7A4F7556}") = "3.MinerTask", "3.MinerTask\3.MinerTask.csproj", "{247CD8CD-F59A-4EB4-952D-8B801B81F2BD}"
EndProject
Project("{9A19103F-16F7-4668-BE54-9A1E7A4F7556}") = "4.FixEmails", "4.FixEmails\4.FixEmails.csproj", "{FF838F38-CAC1-434B-9FC1-FBAC45D1B452}"
EndProject
Project("{9A19103F-16F7-4668-BE54-9A1E7A4F7556}") = "11.DragonArmy", "11.DragonArmy\11.DragonArmy.csproj", "{908E41F1-BAA6-4D21-A047-2E2552F4BBB1}"
EndProject
Project("{9A19103F-16F7-4668-BE54-9A1E7A4F7556}") = "Test", "Test\Test.csproj", "{8F5E3421-2DB1-4286-BA5F-208689F688D4}"
EndProject
Project("{FAE04EC0-301F-11D3-BF4B-00C04F79EFBC}") = "6.UserLogs", "6.UserLogs\6.UserLogs.csproj", "{B4672D65-32DD-46E5-943E-AF4307D5C9E2}"
EndProject
Global
	GlobalSection(SolutionConfigurationPlatforms) = preSolution
		Debug|Any CPU = Debug|Any CPU
		Release|Any CPU = Release|Any CPU
	EndGlobalSection
	GlobalSection(ProjectConfigurationPlatforms) = postSolution
		{59B482CE-40B4-43D7-8DDE-75FDFC1EEB85}.Debug|Any CPU.ActiveCfg = Debug|Any CPU
		{59B482CE-40B4-43D7-8DDE-75FDFC1EEB85}.Debug|Any CPU.Build.0 = Debug|Any CPU
		{59B482CE-40B4-43D7-8DDE-75FDFC1EEB85}.Release|Any CPU.ActiveCfg = Release|Any CPU
		{59B482CE-40B4-43D7-8DDE-75FDFC1EEB85}.Release|Any CPU.Build.0 = Release|Any CPU
		{F3A3EAA4-7883-4B99-9E9A-EA923A64E7D3}.Debug|Any CPU.ActiveCfg = Debug|Any CPU
		{F3A3EAA4-7883-4B99-9E9A-EA923A64E7D3}.Debug|Any CPU.Build.0 = Debug|Any CPU
		{F3A3EAA4-7883-4B99-9E9A-EA923A64E7D3}.Release|Any CPU.ActiveCfg = Release|Any CPU
		{F3A3EAA4-7883-4B99-9E9A-EA923A64E7D3}.Release|Any CPU.Build.0 = Release|Any CPU
		{6E742B37-41F0-41E0-B168-367145944887}.Debug|Any CPU.ActiveCfg = Debug|Any CPU
		{6E742B37-41F0-41E0-B168-367145944887}.Debug|Any CPU.Build.0 = Debug|Any CPU
		{6E742B37-41F0-41E0-B168-367145944887}.Release|Any CPU.ActiveCfg = Release|Any CPU
		{6E742B37-41F0-41E0-B168-367145944887}.Release|Any CPU.Build.0 = Release|Any CPU
		{C7EB6E3A-EFBB-4FA0-87F5-BD621EB433A4}.Debug|Any CPU.ActiveCfg = Debug|Any CPU
		{C7EB6E3A-EFBB-4FA0-87F5-BD621EB433A4}.Debug|Any CPU.Build.0 = Debug|Any CPU
		{C7EB6E3A-EFBB-4FA0-87F5-BD621EB433A4}.Release|Any CPU.ActiveCfg = Release|Any CPU
		{C7EB6E3A-EFBB-4FA0-87F5-BD621EB433A4}.Release|Any CPU.Build.0 = Release|Any CPU
		{247CD8CD-F59A-4EB4-952D-8B801B81F2BD}.Debug|Any CPU.ActiveCfg = Debug|Any CPU
		{247CD8CD-F59A-4EB4-952D-8B801B81F2BD}.Debug|Any CPU.Build.0 = Debug|Any CPU
		{247CD8CD-F59A-4EB4-952D-8B801B81F2BD}.Release|Any CPU.ActiveCfg = Release|Any CPU
		{247CD8CD-F59A-4EB4-952D-8B801B81F2BD}.Release|Any CPU.Build.0 = Release|Any CPU
		{FF838F38-CAC1-434B-9FC1-FBAC45D1B452}.Debug|Any CPU.ActiveCfg = Debug|Any CPU
		{FF838F38-CAC1-434B-9FC1-FBAC45D1B452}.Debug|Any CPU.Build.0 = Debug|Any CPU
		{FF838F38-CAC1-434B-9FC1-FBAC45D1B452}.Release|Any CPU.ActiveCfg = Release|Any CPU
		{FF838F38-CAC1-434B-9FC1-FBAC45D1B452}.Release|Any CPU.Build.0 = Release|Any CPU
		{908E41F1-BAA6-4D21-A047-2E2552F4BBB1}.Debug|Any CPU.ActiveCfg = Debug|Any CPU
		{908E41F1-BAA6-4D21-A047-2E2552F4BBB1}.Debug|Any CPU.Build.0 = Debug|Any CPU
		{908E41F1-BAA6-4D21-A047-2E2552F4BBB1}.Release|Any CPU.ActiveCfg = Release|Any CPU
		{908E41F1-BAA6-4D21-A047-2E2552F4BBB1}.Release|Any CPU.Build.0 = Release|Any CPU
		{8F5E3421-2DB1-4286-BA5F-208689F688D4}.Debug|Any CPU.ActiveCfg = Debug|Any CPU
		{8F5E3421-2DB1-4286-BA5F-208689F688D4}.Debug|Any CPU.Build.0 = Debug|Any CPU
		{8F5E3421-2DB1-4286-BA5F-208689F688D4}.Release|Any CPU.ActiveCfg = Release|Any CPU
		{8F5E3421-2DB1-4286-BA5F-208689F688D4}.Release|Any CPU.Build.0 = Release|Any CPU
		{B4672D65-32DD-46E5-943E-AF4307D5C9E2}.Debug|Any CPU.ActiveCfg = Debug|Any CPU
		{B4672D65-32DD-46E5-943E-AF4307D5C9E2}.Debug|Any CPU.Build.0 = Debug|Any CPU
		{B4672D65-32DD-46E5-943E-AF4307D5C9E2}.Release|Any CPU.ActiveCfg = Release|Any CPU
		{B4672D65-32DD-46E5-943E-AF4307D5C9E2}.Release|Any CPU.Build.0 = Release|Any CPU
	EndGlobalSection
	GlobalSection(SolutionProperties) = preSolution
		HideSolutionNode = FALSE
	EndGlobalSection
	GlobalSection(ExtensibilityGlobals) = postSolution
		SolutionGuid = {99C3E40F-C45B-44D9-9595-BF6A7F3F549C}
	EndGlobalSection
EndGlobal
