
Microsoft Visual Studio Solution File, Format Version 12.00
# Visual Studio 15
VisualStudioVersion = 15.0.27703.2000
MinimumVisualStudioVersion = 10.0.40219.1
Project("{FAE04EC0-301F-11D3-BF4B-00C04F79EFBC}") = "ArraysMoreExercises", "ArraysMoreExercises\ArraysMoreExercises.csproj", "{410C714F-878A-4852-A1A2-A3DE2D11B2A1}"
EndProject
Global
	GlobalSection(SolutionConfigurationPlatforms) = preSolution
		Debug|Any CPU = Debug|Any CPU
		Release|Any CPU = Release|Any CPU
	EndGlobalSection
	GlobalSection(ProjectConfigurationPlatforms) = postSolution
		{410C714F-878A-4852-A1A2-A3DE2D11B2A1}.Debug|Any CPU.ActiveCfg = Debug|Any CPU
		{410C714F-878A-4852-A1A2-A3DE2D11B2A1}.Debug|Any CPU.Build.0 = Debug|Any CPU
		{410C714F-878A-4852-A1A2-A3DE2D11B2A1}.Release|Any CPU.ActiveCfg = Release|Any CPU
		{410C714F-878A-4852-A1A2-A3DE2D11B2A1}.Release|Any CPU.Build.0 = Release|Any CPU
	EndGlobalSection
	GlobalSection(SolutionProperties) = preSolution
		HideSolutionNode = FALSE
	EndGlobalSection
	GlobalSection(ExtensibilityGlobals) = postSolution
		SolutionGuid = {D3CE4728-ECAA-4512-B0B5-D5F21DBB909A}
	EndGlobalSection
EndGlobal
